// !$*UTF8*$!
{
	archiveVersion = 1;
	classes = {
	};
	objectVersion = 56;
	objects = {

/* Begin PBXBuildFile section */
		537333442B32D0D700BF0BA1 /* PR8__MoonshotApp.swift in Sources */ = {isa = PBXBuildFile; fileRef = 537333432B32D0D700BF0BA1 /* PR8__MoonshotApp.swift */; };
		537333462B32D0D700BF0BA1 /* ContentView.swift in Sources */ = {isa = PBXBuildFile; fileRef = 537333452B32D0D700BF0BA1 /* ContentView.swift */; };
		537333482B32D0D800BF0BA1 /* Assets.xcassets in Resources */ = {isa = PBXBuildFile; fileRef = 537333472B32D0D800BF0BA1 /* Assets.xcassets */; };
		5373334B2B32D0D800BF0BA1 /* Preview Assets.xcassets in Resources */ = {isa = PBXBuildFile; fileRef = 5373334A2B32D0D800BF0BA1 /* Preview Assets.xcassets */; };
		537333532B34214A00BF0BA1 /* astronauts.json in Resources */ = {isa = PBXBuildFile; fileRef = 537333512B34214A00BF0BA1 /* astronauts.json */; };
		537333542B34214A00BF0BA1 /* missions.json in Resources */ = {isa = PBXBuildFile; fileRef = 537333522B34214A00BF0BA1 /* missions.json */; };
		537333562B3421D000BF0BA1 /* Astronaut.swift in Sources */ = {isa = PBXBuildFile; fileRef = 537333552B3421D000BF0BA1 /* Astronaut.swift */; };
		537333582B34227300BF0BA1 /* Bundle-Decadable.swift in Sources */ = {isa = PBXBuildFile; fileRef = 537333572B34227300BF0BA1 /* Bundle-Decadable.swift */; };
		5373335A2B34249600BF0BA1 /* Mission.swift in Sources */ = {isa = PBXBuildFile; fileRef = 537333592B34249600BF0BA1 /* Mission.swift */; };
		5373335C2B34581600BF0BA1 /* Color-Theme.swift in Sources */ = {isa = PBXBuildFile; fileRef = 5373335B2B34581600BF0BA1 /* Color-Theme.swift */; };
		53948BB02B78121900129D32 /* MissionView.swift in Sources */ = {isa = PBXBuildFile; fileRef = 53948BAF2B78121900129D32 /* MissionView.swift */; };
		53948BB22B781B9F00129D32 /* AstronaughtView.swift in Sources */ = {isa = PBXBuildFile; fileRef = 53948BB12B781B9F00129D32 /* AstronaughtView.swift */; };
		53948BB42B7C109B00129D32 /* CrewMember.swift in Sources */ = {isa = PBXBuildFile; fileRef = 53948BB32B7C109B00129D32 /* CrewMember.swift */; };
		53948BB62B7C10CB00129D32 /* CrewScrollView.swift in Sources */ = {isa = PBXBuildFile; fileRef = 53948BB52B7C10CB00129D32 /* CrewScrollView.swift */; };
		53948BB82B7C116D00129D32 /* SeparatorView.swift in Sources */ = {isa = PBXBuildFile; fileRef = 53948BB72B7C116D00129D32 /* SeparatorView.swift */; };
/* End PBXBuildFile section */

/* Begin PBXFileReference section */
		537333402B32D0D700BF0BA1 /* PR8_ Moonshot.app */ = {isa = PBXFileReference; explicitFileType = wrapper.application; includeInIndex = 0; path = "PR8_ Moonshot.app"; sourceTree = BUILT_PRODUCTS_DIR; };
		537333432B32D0D700BF0BA1 /* PR8__MoonshotApp.swift */ = {isa = PBXFileReference; lastKnownFileType = sourcecode.swift; path = PR8__MoonshotApp.swift; sourceTree = "<group>"; };
		537333452B32D0D700BF0BA1 /* ContentView.swift */ = {isa = PBXFileReference; lastKnownFileType = sourcecode.swift; path = ContentView.swift; sourceTree = "<group>"; };
		537333472B32D0D800BF0BA1 /* Assets.xcassets */ = {isa = PBXFileReference; lastKnownFileType = folder.assetcatalog; path = Assets.xcassets; sourceTree = "<group>"; };
		5373334A2B32D0D800BF0BA1 /* Preview Assets.xcassets */ = {isa = PBXFileReference; lastKnownFileType = folder.assetcatalog; path = "Preview Assets.xcassets"; sourceTree = "<group>"; };
		537333512B34214A00BF0BA1 /* astronauts.json */ = {isa = PBXFileReference; fileEncoding = 4; lastKnownFileType = text.json; path = astronauts.json; sourceTree = "<group>"; };
		537333522B34214A00BF0BA1 /* missions.json */ = {isa = PBXFileReference; fileEncoding = 4; lastKnownFileType = text.json; path = missions.json; sourceTree = "<group>"; };
		537333552B3421D000BF0BA1 /* Astronaut.swift */ = {isa = PBXFileReference; lastKnownFileType = sourcecode.swift; path = Astronaut.swift; sourceTree = "<group>"; };
		537333572B34227300BF0BA1 /* Bundle-Decadable.swift */ = {isa = PBXFileReference; lastKnownFileType = sourcecode.swift; path = "Bundle-Decadable.swift"; sourceTree = "<group>"; };
		537333592B34249600BF0BA1 /* Mission.swift */ = {isa = PBXFileReference; lastKnownFileType = sourcecode.swift; path = Mission.swift; sourceTree = "<group>"; };
		5373335B2B34581600BF0BA1 /* Color-Theme.swift */ = {isa = PBXFileReference; lastKnownFileType = sourcecode.swift; path = "Color-Theme.swift"; sourceTree = "<group>"; };
		53948BAF2B78121900129D32 /* MissionView.swift */ = {isa = PBXFileReference; lastKnownFileType = sourcecode.swift; path = MissionView.swift; sourceTree = "<group>"; };
		53948BB12B781B9F00129D32 /* AstronaughtView.swift */ = {isa = PBXFileReference; lastKnownFileType = sourcecode.swift; path = AstronaughtView.swift; sourceTree = "<group>"; };
		53948BB32B7C109B00129D32 /* CrewMember.swift */ = {isa = PBXFileReference; lastKnownFileType = sourcecode.swift; path = CrewMember.swift; sourceTree = "<group>"; };
		53948BB52B7C10CB00129D32 /* CrewScrollView.swift */ = {isa = PBXFileReference; lastKnownFileType = sourcecode.swift; path = CrewScrollView.swift; sourceTree = "<group>"; };
		53948BB72B7C116D00129D32 /* SeparatorView.swift */ = {isa = PBXFileReference; lastKnownFileType = sourcecode.swift; path = SeparatorView.swift; sourceTree = "<group>"; };
/* End PBXFileReference section */

/* Begin PBXFrameworksBuildPhase section */
		5373333D2B32D0D700BF0BA1 /* Frameworks */ = {
			isa = PBXFrameworksBuildPhase;
			buildActionMask = 2147483647;
			files = (
			);
			runOnlyForDeploymentPostprocessing = 0;
		};
/* End PBXFrameworksBuildPhase section */

/* Begin PBXGroup section */
		537333372B32D0D700BF0BA1 = {
			isa = PBXGroup;
			children = (
				537333422B32D0D700BF0BA1 /* PR8_ Moonshot */,
				537333412B32D0D700BF0BA1 /* Products */,
			);
			sourceTree = "<group>";
		};
		537333412B32D0D700BF0BA1 /* Products */ = {
			isa = PBXGroup;
			children = (
				537333402B32D0D700BF0BA1 /* PR8_ Moonshot.app */,
			);
			name = Products;
			sourceTree = "<group>";
		};
		537333422B32D0D700BF0BA1 /* PR8_ Moonshot */ = {
			isa = PBXGroup;
			children = (
				537333432B32D0D700BF0BA1 /* PR8__MoonshotApp.swift */,
				537333452B32D0D700BF0BA1 /* ContentView.swift */,
				53948BAF2B78121900129D32 /* MissionView.swift */,
				53948BB72B7C116D00129D32 /* SeparatorView.swift */,
				53948BB52B7C10CB00129D32 /* CrewScrollView.swift */,
				53948BB12B781B9F00129D32 /* AstronaughtView.swift */,
				53948BB32B7C109B00129D32 /* CrewMember.swift */,
				5373335B2B34581600BF0BA1 /* Color-Theme.swift */,
				537333592B34249600BF0BA1 /* Mission.swift */,
				537333552B3421D000BF0BA1 /* Astronaut.swift */,
				537333572B34227300BF0BA1 /* Bundle-Decadable.swift */,
				537333512B34214A00BF0BA1 /* astronauts.json */,
				537333522B34214A00BF0BA1 /* missions.json */,
				537333472B32D0D800BF0BA1 /* Assets.xcassets */,
				537333492B32D0D800BF0BA1 /* Preview Content */,
			);
			path = "PR8_ Moonshot";
			sourceTree = "<group>";
		};
		537333492B32D0D800BF0BA1 /* Preview Content */ = {
			isa = PBXGroup;
			children = (
				5373334A2B32D0D800BF0BA1 /* Preview Assets.xcassets */,
			);
			path = "Preview Content";
			sourceTree = "<group>";
		};
/* End PBXGroup section */

/* Begin PBXNativeTarget section */
		5373333F2B32D0D700BF0BA1 /* PR8_ Moonshot */ = {
			isa = PBXNativeTarget;
			buildConfigurationList = 5373334E2B32D0D800BF0BA1 /* Build configuration list for PBXNativeTarget "PR8_ Moonshot" */;
			buildPhases = (
				5373333C2B32D0D700BF0BA1 /* Sources */,
				5373333D2B32D0D700BF0BA1 /* Frameworks */,
				5373333E2B32D0D700BF0BA1 /* Resources */,
			);
			buildRules = (
			);
			dependencies = (
			);
			name = "PR8_ Moonshot";
			productName = "PR8_ Moonshot";
			productReference = 537333402B32D0D700BF0BA1 /* PR8_ Moonshot.app */;
			productType = "com.apple.product-type.application";
		};
/* End PBXNativeTarget section */

/* Begin PBXProject section */
		537333382B32D0D700BF0BA1 /* Project object */ = {
			isa = PBXProject;
			attributes = {
				BuildIndependentTargetsInParallel = 1;
				LastSwiftUpdateCheck = 1500;
				LastUpgradeCheck = 1500;
				TargetAttributes = {
					5373333F2B32D0D700BF0BA1 = {
						CreatedOnToolsVersion = 15.0.1;
					};
				};
			};
			buildConfigurationList = 5373333B2B32D0D700BF0BA1 /* Build configuration list for PBXProject "PR8_ Moonshot" */;
			compatibilityVersion = "Xcode 14.0";
			developmentRegion = en;
			hasScannedForEncodings = 0;
			knownRegions = (
				en,
				Base,
			);
			mainGroup = 537333372B32D0D700BF0BA1;
			productRefGroup = 537333412B32D0D700BF0BA1 /* Products */;
			projectDirPath = "";
			projectRoot = "";
			targets = (
				5373333F2B32D0D700BF0BA1 /* PR8_ Moonshot */,
			);
		};
/* End PBXProject section */

/* Begin PBXResourcesBuildPhase section */
		5373333E2B32D0D700BF0BA1 /* Resources */ = {
			isa = PBXResourcesBuildPhase;
			buildActionMask = 2147483647;
			files = (
				537333532B34214A00BF0BA1 /* astronauts.json in Resources */,
				5373334B2B32D0D800BF0BA1 /* Preview Assets.xcassets in Resources */,
				537333542B34214A00BF0BA1 /* missions.json in Resources */,
				537333482B32D0D800BF0BA1 /* Assets.xcassets in Resources */,
			);
			runOnlyForDeploymentPostprocessing = 0;
		};
/* End PBXResourcesBuildPhase section */

/* Begin PBXSourcesBuildPhase section */
		5373333C2B32D0D700BF0BA1 /* Sources */ = {
			isa = PBXSourcesBuildPhase;
			buildActionMask = 2147483647;
			files = (
				53948BB82B7C116D00129D32 /* SeparatorView.swift in Sources */,
				53948BB02B78121900129D32 /* MissionView.swift in Sources */,
				537333462B32D0D700BF0BA1 /* ContentView.swift in Sources */,
				5373335C2B34581600BF0BA1 /* Color-Theme.swift in Sources */,
				53948BB22B781B9F00129D32 /* AstronaughtView.swift in Sources */,
				53948BB42B7C109B00129D32 /* CrewMember.swift in Sources */,
				537333582B34227300BF0BA1 /* Bundle-Decadable.swift in Sources */,
				537333562B3421D000BF0BA1 /* Astronaut.swift in Sources */,
				5373335A2B34249600BF0BA1 /* Mission.swift in Sources */,
				53948BB62B7C10CB00129D32 /* CrewScrollView.swift in Sources */,
				537333442B32D0D700BF0BA1 /* PR8__MoonshotApp.swift in Sources */,
			);
			runOnlyForDeploymentPostprocessing = 0;
		};
/* End PBXSourcesBuildPhase section */

/* Begin XCBuildConfiguration section */
		5373334C2B32D0D800BF0BA1 /* Debug */ = {
			isa = XCBuildConfiguration;
			buildSettings = {
				ALWAYS_SEARCH_USER_PATHS = NO;
				ASSETCATALOG_COMPILER_GENERATE_SWIFT_ASSET_SYMBOL_EXTENSIONS = YES;
				CLANG_ANALYZER_NONNULL = YES;
				CLANG_ANALYZER_NUMBER_OBJECT_CONVERSION = YES_AGGRESSIVE;
				CLANG_CXX_LANGUAGE_STANDARD = "gnu++20";
				CLANG_ENABLE_MODULES = YES;
				CLANG_ENABLE_OBJC_ARC = YES;
				CLANG_ENABLE_OBJC_WEAK = YES;
				CLANG_WARN_BLOCK_CAPTURE_AUTORELEASING = YES;
				CLANG_WARN_BOOL_CONVERSION = YES;
				CLANG_WARN_COMMA = YES;
				CLANG_WARN_CONSTANT_CONVERSION = YES;
				CLANG_WARN_DEPRECATED_OBJC_IMPLEMENTATIONS = YES;
				CLANG_WARN_DIRECT_OBJC_ISA_USAGE = YES_ERROR;
				CLANG_WARN_DOCUMENTATION_COMMENTS = YES;
				CLANG_WARN_EMPTY_BODY = YES;
				CLANG_WARN_ENUM_CONVERSION = YES;
				CLANG_WARN_INFINITE_RECURSION = YES;
				CLANG_WARN_INT_CONVERSION = YES;
				CLANG_WARN_NON_LITERAL_NULL_CONVERSION = YES;
				CLANG_WARN_OBJC_IMPLICIT_RETAIN_SELF = YES;
				CLANG_WARN_OBJC_LITERAL_CONVERSION = YES;
				CLANG_WARN_OBJC_ROOT_CLASS = YES_ERROR;
				CLANG_WARN_QUOTED_INCLUDE_IN_FRAMEWORK_HEADER = YES;
				CLANG_WARN_RANGE_LOOP_ANALYSIS = YES;
				CLANG_WARN_STRICT_PROTOTYPES = YES;
				CLANG_WARN_SUSPICIOUS_MOVE = YES;
				CLANG_WARN_UNGUARDED_AVAILABILITY = YES_AGGRESSIVE;
				CLANG_WARN_UNREACHABLE_CODE = YES;
				CLANG_WARN__DUPLICATE_METHOD_MATCH = YES;
				COPY_PHASE_STRIP = NO;
				DEBUG_INFORMATION_FORMAT = dwarf;
				ENABLE_STRICT_OBJC_MSGSEND = YES;
				ENABLE_TESTABILITY = YES;
				ENABLE_USER_SCRIPT_SANDBOXING = YES;
				GCC_C_LANGUAGE_STANDARD = gnu17;
				GCC_DYNAMIC_NO_PIC = NO;
				GCC_NO_COMMON_BLOCKS = YES;
				GCC_OPTIMIZATION_LEVEL = 0;
				GCC_PREPROCESSOR_DEFINITIONS = (
					"DEBUG=1",
					"$(inherited)",
				);
				GCC_WARN_64_TO_32_BIT_CONVERSION = YES;
				GCC_WARN_ABOUT_RETURN_TYPE = YES_ERROR;
				GCC_WARN_UNDECLARED_SELECTOR = YES;
				GCC_WARN_UNINITIALIZED_AUTOS = YES_AGGRESSIVE;
				GCC_WARN_UNUSED_FUNCTION = YES;
				GCC_WARN_UNUSED_VARIABLE = YES;
				IPHONEOS_DEPLOYMENT_TARGET = 17.0;
				LOCALIZATION_PREFERS_STRING_CATALOGS = YES;
				MTL_ENABLE_DEBUG_INFO = INCLUDE_SOURCE;
				MTL_FAST_MATH = YES;
				ONLY_ACTIVE_ARCH = YES;
				SDKROOT = iphoneos;
				SWIFT_ACTIVE_COMPILATION_CONDITIONS = "DEBUG $(inherited)";
				SWIFT_OPTIMIZATION_LEVEL = "-Onone";
			};
			name = Debug;
		};
		5373334D2B32D0D800BF0BA1 /* Release */ = {
			isa = XCBuildConfiguration;
			buildSettings = {
				ALWAYS_SEARCH_USER_PATHS = NO;
				ASSETCATALOG_COMPILER_GENERATE_SWIFT_ASSET_SYMBOL_EXTENSIONS = YES;
				CLANG_ANALYZER_NONNULL = YES;
				CLANG_ANALYZER_NUMBER_OBJECT_CONVERSION = YES_AGGRESSIVE;
				CLANG_CXX_LANGUAGE_STANDARD = "gnu++20";
				CLANG_ENABLE_MODULES = YES;
				CLANG_ENABLE_OBJC_ARC = YES;
				CLANG_ENABLE_OBJC_WEAK = YES;
				CLANG_WARN_BLOCK_CAPTURE_AUTORELEASING = YES;
				CLANG_WARN_BOOL_CONVERSION = YES;
				CLANG_WARN_COMMA = YES;
				CLANG_WARN_CONSTANT_CONVERSION = YES;
				CLANG_WARN_DEPRECATED_OBJC_IMPLEMENTATIONS = YES;
				CLANG_WARN_DIRECT_OBJC_ISA_USAGE = YES_ERROR;
				CLANG_WARN_DOCUMENTATION_COMMENTS = YES;
				CLANG_WARN_EMPTY_BODY = YES;
				CLANG_WARN_ENUM_CONVERSION = YES;
				CLANG_WARN_INFINITE_RECURSION = YES;
				CLANG_WARN_INT_CONVERSION = YES;
				CLANG_WARN_NON_LITERAL_NULL_CONVERSION = YES;
				CLANG_WARN_OBJC_IMPLICIT_RETAIN_SELF = YES;
				CLANG_WARN_OBJC_LITERAL_CONVERSION = YES;
				CLANG_WARN_OBJC_ROOT_CLASS = YES_ERROR;
				CLANG_WARN_QUOTED_INCLUDE_IN_FRAMEWORK_HEADER = YES;
				CLANG_WARN_RANGE_LOOP_ANALYSIS = YES;
				CLANG_WARN_STRICT_PROTOTYPES = YES;
				CLANG_WARN_SUSPICIOUS_MOVE = YES;
				CLANG_WARN_UNGUARDED_AVAILABILITY = YES_AGGRESSIVE;
				CLANG_WARN_UNREACHABLE_CODE = YES;
				CLANG_WARN__DUPLICATE_METHOD_MATCH = YES;
				COPY_PHASE_STRIP = NO;
				DEBUG_INFORMATION_FORMAT = "dwarf-with-dsym";
				ENABLE_NS_ASSERTIONS = NO;
				ENABLE_STRICT_OBJC_MSGSEND = YES;
				ENABLE_USER_SCRIPT_SANDBOXING = YES;
				GCC_C_LANGUAGE_STANDARD = gnu17;
				GCC_NO_COMMON_BLOCKS = YES;
				GCC_WARN_64_TO_32_BIT_CONVERSION = YES;
				GCC_WARN_ABOUT_RETURN_TYPE = YES_ERROR;
				GCC_WARN_UNDECLARED_SELECTOR = YES;
				GCC_WARN_UNINITIALIZED_AUTOS = YES_AGGRESSIVE;
				GCC_WARN_UNUSED_FUNCTION = YES;
				GCC_WARN_UNUSED_VARIABLE = YES;
				IPHONEOS_DEPLOYMENT_TARGET = 17.0;
				LOCALIZATION_PREFERS_STRING_CATALOGS = YES;
				MTL_ENABLE_DEBUG_INFO = NO;
				MTL_FAST_MATH = YES;
				SDKROOT = iphoneos;
				SWIFT_COMPILATION_MODE = wholemodule;
				VALIDATE_PRODUCT = YES;
			};
			name = Release;
		};
		5373334F2B32D0D800BF0BA1 /* Debug */ = {
			isa = XCBuildConfiguration;
			buildSettings = {
				ASSETCATALOG_COMPILER_APPICON_NAME = AppIcon;
				ASSETCATALOG_COMPILER_GLOBAL_ACCENT_COLOR_NAME = AccentColor;
				CODE_SIGN_STYLE = Automatic;
				CURRENT_PROJECT_VERSION = 1;
				DEVELOPMENT_ASSET_PATHS = "\"PR8_ Moonshot/Preview Content\"";
				DEVELOPMENT_TEAM = 8YDJ6LTN2L;
				ENABLE_PREVIEWS = YES;
				GENERATE_INFOPLIST_FILE = YES;
				INFOPLIST_KEY_UIApplicationSceneManifest_Generation = YES;
				INFOPLIST_KEY_UIApplicationSupportsIndirectInputEvents = YES;
				INFOPLIST_KEY_UILaunchScreen_Generation = YES;
				INFOPLIST_KEY_UISupportedInterfaceOrientations_iPad = "UIInterfaceOrientationPortrait UIInterfaceOrientationPortraitUpsideDown UIInterfaceOrientationLandscapeLeft UIInterfaceOrientationLandscapeRight";
				INFOPLIST_KEY_UISupportedInterfaceOrientations_iPhone = "UIInterfaceOrientationPortrait UIInterfaceOrientationLandscapeLeft UIInterfaceOrientationLandscapeRight";
				LD_RUNPATH_SEARCH_PATHS = (
					"$(inherited)",
					"@executable_path/Frameworks",
				);
				MARKETING_VERSION = 1.0;
				PRODUCT_BUNDLE_IDENTIFIER = "ab.PR8--Moonshot";
				PRODUCT_NAME = "$(TARGET_NAME)";
				SWIFT_EMIT_LOC_STRINGS = YES;
				SWIFT_VERSION = 5.0;
				TARGETED_DEVICE_FAMILY = "1,2";
			};
			name = Debug;
		};
		537333502B32D0D800BF0BA1 /* Release */ = {
			isa = XCBuildConfiguration;
			buildSettings = {
				ASSETCATALOG_COMPILER_APPICON_NAME = AppIcon;
				ASSETCATALOG_COMPILER_GLOBAL_ACCENT_COLOR_NAME = AccentColor;
				CODE_SIGN_STYLE = Automatic;
				CURRENT_PROJECT_VERSION = 1;
				DEVELOPMENT_ASSET_PATHS = "\"PR8_ Moonshot/Preview Content\"";
				DEVELOPMENT_TEAM = 8YDJ6LTN2L;
				ENABLE_PREVIEWS = YES;
				GENERATE_INFOPLIST_FILE = YES;
				INFOPLIST_KEY_UIApplicationSceneManifest_Generation = YES;
				INFOPLIST_KEY_UIApplicationSupportsIndirectInputEvents = YES;
				INFOPLIST_KEY_UILaunchScreen_Generation = YES;
				INFOPLIST_KEY_UISupportedInterfaceOrientations_iPad = "UIInterfaceOrientationPortrait UIInterfaceOrientationPortraitUpsideDown UIInterfaceOrientationLandscapeLeft UIInterfaceOrientationLandscapeRight";
				INFOPLIST_KEY_UISupportedInterfaceOrientations_iPhone = "UIInterfaceOrientationPortrait UIInterfaceOrientationLandscapeLeft UIInterfaceOrientationLandscapeRight";
				LD_RUNPATH_SEARCH_PATHS = (
					"$(inherited)",
					"@executable_path/Frameworks",
				);
				MARKETING_VERSION = 1.0;
				PRODUCT_BUNDLE_IDENTIFIER = "ab.PR8--Moonshot";
				PRODUCT_NAME = "$(TARGET_NAME)";
				SWIFT_EMIT_LOC_STRINGS = YES;
				SWIFT_VERSION = 5.0;
				TARGETED_DEVICE_FAMILY = "1,2";
			};
			name = Release;
		};
/* End XCBuildConfiguration section */

/* Begin XCConfigurationList section */
		5373333B2B32D0D700BF0BA1 /* Build configuration list for PBXProject "PR8_ Moonshot" */ = {
			isa = XCConfigurationList;
			buildConfigurations = (
				5373334C2B32D0D800BF0BA1 /* Debug */,
				5373334D2B32D0D800BF0BA1 /* Release */,
			);
			defaultConfigurationIsVisible = 0;
			defaultConfigurationName = Release;
		};
		5373334E2B32D0D800BF0BA1 /* Build configuration list for PBXNativeTarget "PR8_ Moonshot" */ = {
			isa = XCConfigurationList;
			buildConfigurations = (
				5373334F2B32D0D800BF0BA1 /* Debug */,
				537333502B32D0D800BF0BA1 /* Release */,
			);
			defaultConfigurationIsVisible = 0;
			defaultConfigurationName = Release;
		};
/* End XCConfigurationList section */
	};
	rootObject = 537333382B32D0D700BF0BA1 /* Project object */;
}
